
Microsoft Visual Studio Solution File, Format Version 12.00
# Visual Studio Version 16
VisualStudioVersion = 16.0.30503.244
MinimumVisualStudioVersion = 10.0.40219.1
Project("{2150E333-8FDC-42A3-9474-1A3956D46DE8}") = "demos", "demos", "{841729A9-2B6E-4706-B468-C57063EF411D}"
EndProject
Project("{2150E333-8FDC-42A3-9474-1A3956D46DE8}") = "src", "src", "{0DE1D012-7438-4DF4-AFEA-ED1FA17DC151}"
EndProject
Project("{2150E333-8FDC-42A3-9474-1A3956D46DE8}") = "tests", "tests", "{58A2F44A-74A7-41DE-AE9D-8FECADF3E078}"
EndProject
Project("{2150E333-8FDC-42A3-9474-1A3956D46DE8}") = "Blazor", "Blazor", "{A78FBF01-73C4-46C1-BE7A-F28B22D1D853}"
EndProject
Project("{2150E333-8FDC-42A3-9474-1A3956D46DE8}") = "Remote", "Remote", "{CC8B91C2-E266-4C7D-A146-AD4BD31196F9}"
EndProject
Project("{2150E333-8FDC-42A3-9474-1A3956D46DE8}") = "Libraries", "Libraries", "{9F35FC14-4274-40A2-A21C-B8713A8018F6}"
EndProject
Project("{2150E333-8FDC-42A3-9474-1A3956D46DE8}") = "Communication", "Communication", "{98E76C6A-CC91-4E18-A878-05294C80C923}"
EndProject
Project("{2150E333-8FDC-42A3-9474-1A3956D46DE8}") = "Database", "Database", "{6ADC0D1E-394F-4595-B8D2-7A96F8A31B15}"
EndProject
Project("{9A19103F-16F7-4668-BE54-9A1E7A4F7556}") = "Crestron_Demo", "Crestron_Demo\Crestron_Demo.csproj", "{6B09E076-A62D-43E1-85EB-0734732492E9}"
EndProject
Project("{9A19103F-16F7-4668-BE54-9A1E7A4F7556}") = "CrestronReceiver", "CrestronReceiver\CrestronReceiver.csproj", "{60D9AF6B-BDE5-4ACD-867F-7F944727DB49}"
EndProject
Project("{9A19103F-16F7-4668-BE54-9A1E7A4F7556}") = "Video_Demo", "Video_Demo\Video_Demo.csproj", "{6FF73693-1774-4729-9061-116E91197F70}"
EndProject
Project("{9A19103F-16F7-4668-BE54-9A1E7A4F7556}") = "Blazor_Instrument_Cluster.Client", "Blazor_Instrument_Cluster\Client\Blazor_Instrument_Cluster.Client.csproj", "{73BC7A27-725B-4CB6-AF8F-BC65E9CFA154}"
EndProject
Project("{9A19103F-16F7-4668-BE54-9A1E7A4F7556}") = "Blazor_Instrument_Cluster.Server", "Blazor_Instrument_Cluster\Server\Blazor_Instrument_Cluster.Server.csproj", "{56C30A61-296A-4914-868F-5200B49FEAE1}"
EndProject
Project("{9A19103F-16F7-4668-BE54-9A1E7A4F7556}") = "Blazor_Instrument_Cluster.Shared", "Blazor_Instrument_Cluster\Shared\Blazor_Instrument_Cluster.Shared.csproj", "{4D937F44-2717-467C-BB3A-A7D7D713FC60}"
EndProject
Project("{9A19103F-16F7-4668-BE54-9A1E7A4F7556}") = "Packet_Classes", "Packet_Classes\Packet_Classes.csproj", "{6FF4251E-7FDD-4A0F-8801-9D395952E890}"
EndProject
Project("{9A19103F-16F7-4668-BE54-9A1E7A4F7556}") = "Server_Library", "Server_Library\Server_Library.csproj", "{A8F9E651-1F97-4DC6-AF51-194867DA20DC}"
EndProject
Project("{9A19103F-16F7-4668-BE54-9A1E7A4F7556}") = "Socket_Library", "Socket_Library\Socket_Library.csproj", "{1B3F6FBF-A7DB-4F8C-8CBE-6021EE774738}"
EndProject
Project("{9A19103F-16F7-4668-BE54-9A1E7A4F7556}") = "Crestron_Library", "Crestron_Library\Crestron_Library.csproj", "{C18EC03B-D264-4376-A603-BC02C521D5FE}"
EndProject
Project("{9A19103F-16F7-4668-BE54-9A1E7A4F7556}") = "Remote_Server", "Remote_Server\Remote_Server.csproj", "{9BBEAC44-1E05-496E-8AD0-6C0E7EB90D7A}"
EndProject
Project("{9A19103F-16F7-4668-BE54-9A1E7A4F7556}") = "Socket_Library_Test", "Socket_Library_Test\Socket_Library_Test.csproj", "{334D32C7-89B9-447D-836D-768F9C705C3C}"
EndProject
Project("{9A19103F-16F7-4668-BE54-9A1E7A4F7556}") = "Server_Library_Test", "Server_Library_Test\Server_Library_Test.csproj", "{6A8D711D-EBB9-4956-A0A2-510E667823A4}"
EndProject
Project("{9A19103F-16F7-4668-BE54-9A1E7A4F7556}") = "Crestron_Test", "Crestron_Test\Crestron_Test.csproj", "{D9FD71E0-51FD-4C18-96C7-4C3E7D2A6DBA}"
EndProject
Project("{9A19103F-16F7-4668-BE54-9A1E7A4F7556}") = "Video_Library", "Video_Library\Video_Library.csproj", "{7B7AFEA1-EC18-4B3F-B708-93CFE198E559}"
EndProject
Global
	GlobalSection(SolutionConfigurationPlatforms) = preSolution
		Debug|Any CPU = Debug|Any CPU
		Release|Any CPU = Release|Any CPU
	EndGlobalSection
	GlobalSection(ProjectConfigurationPlatforms) = postSolution
		{6B09E076-A62D-43E1-85EB-0734732492E9}.Debug|Any CPU.ActiveCfg = Debug|Any CPU
		{6B09E076-A62D-43E1-85EB-0734732492E9}.Debug|Any CPU.Build.0 = Debug|Any CPU
		{6B09E076-A62D-43E1-85EB-0734732492E9}.Release|Any CPU.ActiveCfg = Release|Any CPU
		{6B09E076-A62D-43E1-85EB-0734732492E9}.Release|Any CPU.Build.0 = Release|Any CPU
		{60D9AF6B-BDE5-4ACD-867F-7F944727DB49}.Debug|Any CPU.ActiveCfg = Debug|Any CPU
		{60D9AF6B-BDE5-4ACD-867F-7F944727DB49}.Debug|Any CPU.Build.0 = Debug|Any CPU
		{60D9AF6B-BDE5-4ACD-867F-7F944727DB49}.Release|Any CPU.ActiveCfg = Release|Any CPU
		{60D9AF6B-BDE5-4ACD-867F-7F944727DB49}.Release|Any CPU.Build.0 = Release|Any CPU
		{6FF73693-1774-4729-9061-116E91197F70}.Debug|Any CPU.ActiveCfg = Debug|Any CPU
		{6FF73693-1774-4729-9061-116E91197F70}.Debug|Any CPU.Build.0 = Debug|Any CPU
		{6FF73693-1774-4729-9061-116E91197F70}.Release|Any CPU.ActiveCfg = Release|Any CPU
		{6FF73693-1774-4729-9061-116E91197F70}.Release|Any CPU.Build.0 = Release|Any CPU
		{73BC7A27-725B-4CB6-AF8F-BC65E9CFA154}.Debug|Any CPU.ActiveCfg = Debug|Any CPU
		{73BC7A27-725B-4CB6-AF8F-BC65E9CFA154}.Debug|Any CPU.Build.0 = Debug|Any CPU
		{73BC7A27-725B-4CB6-AF8F-BC65E9CFA154}.Release|Any CPU.ActiveCfg = Release|Any CPU
		{73BC7A27-725B-4CB6-AF8F-BC65E9CFA154}.Release|Any CPU.Build.0 = Release|Any CPU
		{56C30A61-296A-4914-868F-5200B49FEAE1}.Debug|Any CPU.ActiveCfg = Debug|Any CPU
		{56C30A61-296A-4914-868F-5200B49FEAE1}.Debug|Any CPU.Build.0 = Debug|Any CPU
		{56C30A61-296A-4914-868F-5200B49FEAE1}.Release|Any CPU.ActiveCfg = Release|Any CPU
		{56C30A61-296A-4914-868F-5200B49FEAE1}.Release|Any CPU.Build.0 = Release|Any CPU
		{4D937F44-2717-467C-BB3A-A7D7D713FC60}.Debug|Any CPU.ActiveCfg = Debug|Any CPU
		{4D937F44-2717-467C-BB3A-A7D7D713FC60}.Debug|Any CPU.Build.0 = Debug|Any CPU
		{4D937F44-2717-467C-BB3A-A7D7D713FC60}.Release|Any CPU.ActiveCfg = Release|Any CPU
		{4D937F44-2717-467C-BB3A-A7D7D713FC60}.Release|Any CPU.Build.0 = Release|Any CPU
		{6FF4251E-7FDD-4A0F-8801-9D395952E890}.Debug|Any CPU.ActiveCfg = Debug|Any CPU
		{6FF4251E-7FDD-4A0F-8801-9D395952E890}.Debug|Any CPU.Build.0 = Debug|Any CPU
		{6FF4251E-7FDD-4A0F-8801-9D395952E890}.Release|Any CPU.ActiveCfg = Release|Any CPU
		{6FF4251E-7FDD-4A0F-8801-9D395952E890}.Release|Any CPU.Build.0 = Release|Any CPU
		{A8F9E651-1F97-4DC6-AF51-194867DA20DC}.Debug|Any CPU.ActiveCfg = Debug|Any CPU
		{A8F9E651-1F97-4DC6-AF51-194867DA20DC}.Debug|Any CPU.Build.0 = Debug|Any CPU
		{A8F9E651-1F97-4DC6-AF51-194867DA20DC}.Release|Any CPU.ActiveCfg = Release|Any CPU
		{A8F9E651-1F97-4DC6-AF51-194867DA20DC}.Release|Any CPU.Build.0 = Release|Any CPU
		{1B3F6FBF-A7DB-4F8C-8CBE-6021EE774738}.Debug|Any CPU.ActiveCfg = Debug|Any CPU
		{1B3F6FBF-A7DB-4F8C-8CBE-6021EE774738}.Debug|Any CPU.Build.0 = Debug|Any CPU
		{1B3F6FBF-A7DB-4F8C-8CBE-6021EE774738}.Release|Any CPU.ActiveCfg = Release|Any CPU
		{1B3F6FBF-A7DB-4F8C-8CBE-6021EE774738}.Release|Any CPU.Build.0 = Release|Any CPU
		{C18EC03B-D264-4376-A603-BC02C521D5FE}.Debug|Any CPU.ActiveCfg = Debug|Any CPU
		{C18EC03B-D264-4376-A603-BC02C521D5FE}.Debug|Any CPU.Build.0 = Debug|Any CPU
		{C18EC03B-D264-4376-A603-BC02C521D5FE}.Release|Any CPU.ActiveCfg = Release|Any CPU
		{C18EC03B-D264-4376-A603-BC02C521D5FE}.Release|Any CPU.Build.0 = Release|Any CPU
		{9BBEAC44-1E05-496E-8AD0-6C0E7EB90D7A}.Debug|Any CPU.ActiveCfg = Debug|Any CPU
		{9BBEAC44-1E05-496E-8AD0-6C0E7EB90D7A}.Debug|Any CPU.Build.0 = Debug|Any CPU
		{9BBEAC44-1E05-496E-8AD0-6C0E7EB90D7A}.Release|Any CPU.ActiveCfg = Release|Any CPU
		{9BBEAC44-1E05-496E-8AD0-6C0E7EB90D7A}.Release|Any CPU.Build.0 = Release|Any CPU
		{334D32C7-89B9-447D-836D-768F9C705C3C}.Debug|Any CPU.ActiveCfg = Debug|Any CPU
		{334D32C7-89B9-447D-836D-768F9C705C3C}.Debug|Any CPU.Build.0 = Debug|Any CPU
		{334D32C7-89B9-447D-836D-768F9C705C3C}.Release|Any CPU.ActiveCfg = Release|Any CPU
		{334D32C7-89B9-447D-836D-768F9C705C3C}.Release|Any CPU.Build.0 = Release|Any CPU
		{6A8D711D-EBB9-4956-A0A2-510E667823A4}.Debug|Any CPU.ActiveCfg = Debug|Any CPU
		{6A8D711D-EBB9-4956-A0A2-510E667823A4}.Debug|Any CPU.Build.0 = Debug|Any CPU
		{6A8D711D-EBB9-4956-A0A2-510E667823A4}.Release|Any CPU.ActiveCfg = Release|Any CPU
		{6A8D711D-EBB9-4956-A0A2-510E667823A4}.Release|Any CPU.Build.0 = Release|Any CPU
		{D9FD71E0-51FD-4C18-96C7-4C3E7D2A6DBA}.Debug|Any CPU.ActiveCfg = Debug|Any CPU
		{D9FD71E0-51FD-4C18-96C7-4C3E7D2A6DBA}.Debug|Any CPU.Build.0 = Debug|Any CPU
		{D9FD71E0-51FD-4C18-96C7-4C3E7D2A6DBA}.Release|Any CPU.ActiveCfg = Release|Any CPU
		{D9FD71E0-51FD-4C18-96C7-4C3E7D2A6DBA}.Release|Any CPU.Build.0 = Release|Any CPU
		{7B7AFEA1-EC18-4B3F-B708-93CFE198E559}.Debug|Any CPU.ActiveCfg = Debug|Any CPU
		{7B7AFEA1-EC18-4B3F-B708-93CFE198E559}.Debug|Any CPU.Build.0 = Debug|Any CPU
		{7B7AFEA1-EC18-4B3F-B708-93CFE198E559}.Release|Any CPU.ActiveCfg = Release|Any CPU
		{7B7AFEA1-EC18-4B3F-B708-93CFE198E559}.Release|Any CPU.Build.0 = Release|Any CPU
	EndGlobalSection
	GlobalSection(SolutionProperties) = preSolution
		HideSolutionNode = FALSE
	EndGlobalSection
	GlobalSection(NestedProjects) = preSolution
		{A78FBF01-73C4-46C1-BE7A-F28B22D1D853} = {0DE1D012-7438-4DF4-AFEA-ED1FA17DC151}
		{CC8B91C2-E266-4C7D-A146-AD4BD31196F9} = {0DE1D012-7438-4DF4-AFEA-ED1FA17DC151}
		{9F35FC14-4274-40A2-A21C-B8713A8018F6} = {0DE1D012-7438-4DF4-AFEA-ED1FA17DC151}
		{98E76C6A-CC91-4E18-A878-05294C80C923} = {9F35FC14-4274-40A2-A21C-B8713A8018F6}
		{6ADC0D1E-394F-4595-B8D2-7A96F8A31B15} = {0DE1D012-7438-4DF4-AFEA-ED1FA17DC151}
		{6B09E076-A62D-43E1-85EB-0734732492E9} = {841729A9-2B6E-4706-B468-C57063EF411D}
		{60D9AF6B-BDE5-4ACD-867F-7F944727DB49} = {841729A9-2B6E-4706-B468-C57063EF411D}
		{6FF73693-1774-4729-9061-116E91197F70} = {841729A9-2B6E-4706-B468-C57063EF411D}
		{73BC7A27-725B-4CB6-AF8F-BC65E9CFA154} = {A78FBF01-73C4-46C1-BE7A-F28B22D1D853}
		{56C30A61-296A-4914-868F-5200B49FEAE1} = {A78FBF01-73C4-46C1-BE7A-F28B22D1D853}
		{4D937F44-2717-467C-BB3A-A7D7D713FC60} = {A78FBF01-73C4-46C1-BE7A-F28B22D1D853}
		{6FF4251E-7FDD-4A0F-8801-9D395952E890} = {98E76C6A-CC91-4E18-A878-05294C80C923}
		{A8F9E651-1F97-4DC6-AF51-194867DA20DC} = {98E76C6A-CC91-4E18-A878-05294C80C923}
		{1B3F6FBF-A7DB-4F8C-8CBE-6021EE774738} = {98E76C6A-CC91-4E18-A878-05294C80C923}
		{C18EC03B-D264-4376-A603-BC02C521D5FE} = {9F35FC14-4274-40A2-A21C-B8713A8018F6}
		{9BBEAC44-1E05-496E-8AD0-6C0E7EB90D7A} = {CC8B91C2-E266-4C7D-A146-AD4BD31196F9}
		{334D32C7-89B9-447D-836D-768F9C705C3C} = {58A2F44A-74A7-41DE-AE9D-8FECADF3E078}
		{6A8D711D-EBB9-4956-A0A2-510E667823A4} = {58A2F44A-74A7-41DE-AE9D-8FECADF3E078}
		{D9FD71E0-51FD-4C18-96C7-4C3E7D2A6DBA} = {58A2F44A-74A7-41DE-AE9D-8FECADF3E078}
		{7B7AFEA1-EC18-4B3F-B708-93CFE198E559} = {9F35FC14-4274-40A2-A21C-B8713A8018F6}
	EndGlobalSection
	GlobalSection(ExtensibilityGlobals) = postSolution
		SolutionGuid = {60FC54DD-4F26-4A47-8B04-E09BEED72B78}
	EndGlobalSection
EndGlobal
