
Microsoft Visual Studio Solution File, Format Version 12.00
# Visual Studio Version 16
VisualStudioVersion = 16.0.30503.244
MinimumVisualStudioVersion = 10.0.40219.1
Project("{9A19103F-16F7-4668-BE54-9A1E7A4F7556}") = "Crestron Demo Project", "Crestron Demo Project\Crestron Demo Project.csproj", "{1F9A1968-B758-41A1-9D94-ABB04C1AB5CE}"
EndProject
Project("{9A19103F-16F7-4668-BE54-9A1E7A4F7556}") = "Crestron Library", "Crestron Library2\Crestron Library.csproj", "{9F859F4D-61AF-4C31-AD98-A834CECC81FC}"
EndProject
Global
	GlobalSection(SolutionConfigurationPlatforms) = preSolution
		Debug|Any CPU = Debug|Any CPU
		Release|Any CPU = Release|Any CPU
	EndGlobalSection
	GlobalSection(ProjectConfigurationPlatforms) = postSolution
		{1F9A1968-B758-41A1-9D94-ABB04C1AB5CE}.Debug|Any CPU.ActiveCfg = Debug|Any CPU
		{1F9A1968-B758-41A1-9D94-ABB04C1AB5CE}.Debug|Any CPU.Build.0 = Debug|Any CPU
		{1F9A1968-B758-41A1-9D94-ABB04C1AB5CE}.Release|Any CPU.ActiveCfg = Release|Any CPU
		{1F9A1968-B758-41A1-9D94-ABB04C1AB5CE}.Release|Any CPU.Build.0 = Release|Any CPU
		{9F859F4D-61AF-4C31-AD98-A834CECC81FC}.Debug|Any CPU.ActiveCfg = Debug|Any CPU
		{9F859F4D-61AF-4C31-AD98-A834CECC81FC}.Debug|Any CPU.Build.0 = Debug|Any CPU
		{9F859F4D-61AF-4C31-AD98-A834CECC81FC}.Release|Any CPU.ActiveCfg = Release|Any CPU
		{9F859F4D-61AF-4C31-AD98-A834CECC81FC}.Release|Any CPU.Build.0 = Release|Any CPU
	EndGlobalSection
	GlobalSection(SolutionProperties) = preSolution
		HideSolutionNode = FALSE
	EndGlobalSection
	GlobalSection(ExtensibilityGlobals) = postSolution
		SolutionGuid = {60FC54DD-4F26-4A47-8B04-E09BEED72B78}
	EndGlobalSection
EndGlobal
