
Microsoft Visual Studio Solution File, Format Version 12.00
# Visual Studio Version 16
VisualStudioVersion = 16.0.30503.244
MinimumVisualStudioVersion = 10.0.40219.1
Project("{9A19103F-16F7-4668-BE54-9A1E7A4F7556}") = "Crestron Demo Project", "Crestron Demo Project\Crestron Demo Project.csproj", "{1F9A1968-B758-41A1-9D94-ABB04C1AB5CE}"
EndProject
Project("{9A19103F-16F7-4668-BE54-9A1E7A4F7556}") = "Crestron Library", "Crestron Library\Crestron Library.csproj", "{180BF30C-8249-4B27-876D-CFFD3E78593A}"
EndProject
Project("{9A19103F-16F7-4668-BE54-9A1E7A4F7556}") = "Instrument Communicator Library", "HardwareCommunicator\Instrument Communicator Library.csproj", "{4A90BCC3-E1CF-4CCA-AAE1-E00675DAADED}"
EndProject
Project("{2150E333-8FDC-42A3-9474-1A3956D46DE8}") = "Crestron POC", "Crestron POC", "{5938B500-D48F-41D7-9F84-1F6F8181E181}"
EndProject
Project("{2150E333-8FDC-42A3-9474-1A3956D46DE8}") = "Instrument Communicator", "Instrument Communicator", "{6D20DEAB-92F0-400C-94EA-2DF5B6D74793}"
EndProject
Project("{9A19103F-16F7-4668-BE54-9A1E7A4F7556}") = "Server and Device Demo Project", "HardwareServer Demo Project\Server and Device Demo Project.csproj", "{86ACBFB2-B5C0-4A1C-8791-B286CE1E860E}"
EndProject
Project("{9A19103F-16F7-4668-BE54-9A1E7A4F7556}") = "Video Library", "Video Library\Video Library.csproj", "{1B3808BE-84CB-4D8C-8CE5-A6E8B6F245CE}"
EndProject
Project("{9A19103F-16F7-4668-BE54-9A1E7A4F7556}") = "Crestron Test", "Crestron Test\Crestron Test.csproj", "{30AB89E6-9DEF-4865-83B2-72632C500C3C}"
EndProject
Project("{9A19103F-16F7-4668-BE54-9A1E7A4F7556}") = "Communication lib Test", "Communication lib Test\Communication lib Test.csproj", "{414664C3-4BF3-4C0A-A0CA-9D6D47A3C0C2}"
EndProject
Project("{2150E333-8FDC-42A3-9474-1A3956D46DE8}") = "Video POC", "Video POC", "{E2740EF0-B264-4539-9A25-C403493A5717}"
EndProject
Project("{9A19103F-16F7-4668-BE54-9A1E7A4F7556}") = "Video Demo Project", "Video Demo Project\Video Demo Project.csproj", "{7535FD6E-5211-4389-882C-4A5930DF8390}"
EndProject
Global
	GlobalSection(SolutionConfigurationPlatforms) = preSolution
		Debug|Any CPU = Debug|Any CPU
		Release|Any CPU = Release|Any CPU
	EndGlobalSection
	GlobalSection(ProjectConfigurationPlatforms) = postSolution
		{1F9A1968-B758-41A1-9D94-ABB04C1AB5CE}.Debug|Any CPU.ActiveCfg = Debug|Any CPU
		{1F9A1968-B758-41A1-9D94-ABB04C1AB5CE}.Debug|Any CPU.Build.0 = Debug|Any CPU
		{1F9A1968-B758-41A1-9D94-ABB04C1AB5CE}.Release|Any CPU.ActiveCfg = Release|Any CPU
		{1F9A1968-B758-41A1-9D94-ABB04C1AB5CE}.Release|Any CPU.Build.0 = Release|Any CPU
		{180BF30C-8249-4B27-876D-CFFD3E78593A}.Debug|Any CPU.ActiveCfg = Debug|Any CPU
		{180BF30C-8249-4B27-876D-CFFD3E78593A}.Debug|Any CPU.Build.0 = Debug|Any CPU
		{180BF30C-8249-4B27-876D-CFFD3E78593A}.Release|Any CPU.ActiveCfg = Release|Any CPU
		{180BF30C-8249-4B27-876D-CFFD3E78593A}.Release|Any CPU.Build.0 = Release|Any CPU
		{4A90BCC3-E1CF-4CCA-AAE1-E00675DAADED}.Debug|Any CPU.ActiveCfg = Debug|Any CPU
		{4A90BCC3-E1CF-4CCA-AAE1-E00675DAADED}.Debug|Any CPU.Build.0 = Debug|Any CPU
		{4A90BCC3-E1CF-4CCA-AAE1-E00675DAADED}.Release|Any CPU.ActiveCfg = Release|Any CPU
		{4A90BCC3-E1CF-4CCA-AAE1-E00675DAADED}.Release|Any CPU.Build.0 = Release|Any CPU
		{86ACBFB2-B5C0-4A1C-8791-B286CE1E860E}.Debug|Any CPU.ActiveCfg = Debug|Any CPU
		{86ACBFB2-B5C0-4A1C-8791-B286CE1E860E}.Debug|Any CPU.Build.0 = Debug|Any CPU
		{86ACBFB2-B5C0-4A1C-8791-B286CE1E860E}.Release|Any CPU.ActiveCfg = Release|Any CPU
		{86ACBFB2-B5C0-4A1C-8791-B286CE1E860E}.Release|Any CPU.Build.0 = Release|Any CPU
		{1B3808BE-84CB-4D8C-8CE5-A6E8B6F245CE}.Debug|Any CPU.ActiveCfg = Debug|Any CPU
		{1B3808BE-84CB-4D8C-8CE5-A6E8B6F245CE}.Debug|Any CPU.Build.0 = Debug|Any CPU
		{1B3808BE-84CB-4D8C-8CE5-A6E8B6F245CE}.Release|Any CPU.ActiveCfg = Release|Any CPU
		{1B3808BE-84CB-4D8C-8CE5-A6E8B6F245CE}.Release|Any CPU.Build.0 = Release|Any CPU
		{30AB89E6-9DEF-4865-83B2-72632C500C3C}.Debug|Any CPU.ActiveCfg = Debug|Any CPU
		{30AB89E6-9DEF-4865-83B2-72632C500C3C}.Debug|Any CPU.Build.0 = Debug|Any CPU
		{30AB89E6-9DEF-4865-83B2-72632C500C3C}.Release|Any CPU.ActiveCfg = Release|Any CPU
		{30AB89E6-9DEF-4865-83B2-72632C500C3C}.Release|Any CPU.Build.0 = Release|Any CPU
		{414664C3-4BF3-4C0A-A0CA-9D6D47A3C0C2}.Debug|Any CPU.ActiveCfg = Debug|Any CPU
		{414664C3-4BF3-4C0A-A0CA-9D6D47A3C0C2}.Debug|Any CPU.Build.0 = Debug|Any CPU
		{414664C3-4BF3-4C0A-A0CA-9D6D47A3C0C2}.Release|Any CPU.ActiveCfg = Release|Any CPU
		{414664C3-4BF3-4C0A-A0CA-9D6D47A3C0C2}.Release|Any CPU.Build.0 = Release|Any CPU
		{7535FD6E-5211-4389-882C-4A5930DF8390}.Debug|Any CPU.ActiveCfg = Debug|Any CPU
		{7535FD6E-5211-4389-882C-4A5930DF8390}.Debug|Any CPU.Build.0 = Debug|Any CPU
		{7535FD6E-5211-4389-882C-4A5930DF8390}.Release|Any CPU.ActiveCfg = Release|Any CPU
		{7535FD6E-5211-4389-882C-4A5930DF8390}.Release|Any CPU.Build.0 = Release|Any CPU
	EndGlobalSection
	GlobalSection(SolutionProperties) = preSolution
		HideSolutionNode = FALSE
	EndGlobalSection
	GlobalSection(NestedProjects) = preSolution
		{1F9A1968-B758-41A1-9D94-ABB04C1AB5CE} = {5938B500-D48F-41D7-9F84-1F6F8181E181}
		{180BF30C-8249-4B27-876D-CFFD3E78593A} = {5938B500-D48F-41D7-9F84-1F6F8181E181}
		{4A90BCC3-E1CF-4CCA-AAE1-E00675DAADED} = {6D20DEAB-92F0-400C-94EA-2DF5B6D74793}
		{86ACBFB2-B5C0-4A1C-8791-B286CE1E860E} = {6D20DEAB-92F0-400C-94EA-2DF5B6D74793}
		{1B3808BE-84CB-4D8C-8CE5-A6E8B6F245CE} = {E2740EF0-B264-4539-9A25-C403493A5717}
		{30AB89E6-9DEF-4865-83B2-72632C500C3C} = {5938B500-D48F-41D7-9F84-1F6F8181E181}
		{7535FD6E-5211-4389-882C-4A5930DF8390} = {E2740EF0-B264-4539-9A25-C403493A5717}
	EndGlobalSection
	GlobalSection(ExtensibilityGlobals) = postSolution
		SolutionGuid = {60FC54DD-4F26-4A47-8B04-E09BEED72B78}
	EndGlobalSection
EndGlobal
