
Microsoft Visual Studio Solution File, Format Version 12.00
# Visual Studio Version 16
VisualStudioVersion = 16.0.30503.244
MinimumVisualStudioVersion = 10.0.40219.1
Project("{2150E333-8FDC-42A3-9474-1A3956D46DE8}") = "demos", "demos", "{841729A9-2B6E-4706-B468-C57063EF411D}"
EndProject
Project("{2150E333-8FDC-42A3-9474-1A3956D46DE8}") = "src", "src", "{0DE1D012-7438-4DF4-AFEA-ED1FA17DC151}"
EndProject
Project("{2150E333-8FDC-42A3-9474-1A3956D46DE8}") = "tests", "tests", "{58A2F44A-74A7-41DE-AE9D-8FECADF3E078}"
EndProject
Project("{2150E333-8FDC-42A3-9474-1A3956D46DE8}") = "Blazor", "Blazor", "{A78FBF01-73C4-46C1-BE7A-F28B22D1D853}"
EndProject
Project("{2150E333-8FDC-42A3-9474-1A3956D46DE8}") = "Remote", "Remote", "{CC8B91C2-E266-4C7D-A146-AD4BD31196F9}"
EndProject
Project("{2150E333-8FDC-42A3-9474-1A3956D46DE8}") = "Libraries", "Libraries", "{9F35FC14-4274-40A2-A21C-B8713A8018F6}"
EndProject
Project("{9A19103F-16F7-4668-BE54-9A1E7A4F7556}") = "Blazor Instrument Cluster.Client", "Blazor Instrument Cluster\Client\Blazor Instrument Cluster.Client.csproj", "{386B1C24-1B17-4C5C-B37F-EEF6C8FD755E}"
EndProject
Project("{9A19103F-16F7-4668-BE54-9A1E7A4F7556}") = "Blazor Instrument Cluster.Server", "Blazor Instrument Cluster\Server\Blazor Instrument Cluster.Server.csproj", "{E118FEE5-7C35-4A47-B858-FFD0713D3D4C}"
EndProject
Project("{9A19103F-16F7-4668-BE54-9A1E7A4F7556}") = "Blazor Instrument Cluster.Shared", "Blazor Instrument Cluster\Shared\Blazor Instrument Cluster.Shared.csproj", "{6582402B-2C91-4023-9B46-B0787CEF50BE}"
EndProject
Project("{9A19103F-16F7-4668-BE54-9A1E7A4F7556}") = "Crestron Library", "Crestron Library\Crestron Library.csproj", "{20F32C39-F14D-4998-BBB8-D97122633FD8}"
EndProject
Project("{9A19103F-16F7-4668-BE54-9A1E7A4F7556}") = "Server Library", "Instrument Communicator Library\Server Library.csproj", "{8CCF903D-77A2-4F79-B4A0-F3CCE7C97D85}"
EndProject
Project("{9A19103F-16F7-4668-BE54-9A1E7A4F7556}") = "Video Library", "Video Library\Video Library.csproj", "{0CD29C24-96A9-49AC-B153-845152F41977}"
EndProject
Project("{9A19103F-16F7-4668-BE54-9A1E7A4F7556}") = "MAIN Program", "MAIN Program\MAIN Program.csproj", "{8D40DE70-DB5C-4BE6-92EC-F665CE8D64A7}"
EndProject
Project("{9A19103F-16F7-4668-BE54-9A1E7A4F7556}") = "Crestron Test", "Crestron Test\Crestron Test.csproj", "{4B4FDBB1-B6D3-4BA7-A8CC-F4FEC22E5599}"
EndProject
Project("{9A19103F-16F7-4668-BE54-9A1E7A4F7556}") = "Crestron Demo Project", "Crestron Demo Project\Crestron Demo Project.csproj", "{6DC84601-3842-42F0-8D18-95F45E66F5F8}"
EndProject
Project("{9A19103F-16F7-4668-BE54-9A1E7A4F7556}") = "Server Demo Project", "Instrument Communicator Demo Project\Server Demo Project.csproj", "{2EAF1702-3A41-4F56-91F7-3C9B9325A97F}"
EndProject
Project("{9A19103F-16F7-4668-BE54-9A1E7A4F7556}") = "Testing Server", "Testing Server\Testing Server.csproj", "{8C9CA637-2752-4F0C-B2BB-2DF101604355}"
EndProject
Project("{9A19103F-16F7-4668-BE54-9A1E7A4F7556}") = "Video Demo Project", "Video Demo Project\Video Demo Project.csproj", "{AC38C5A5-5D8A-4522-84B6-3917FD0AA737}"
EndProject
Project("{9A19103F-16F7-4668-BE54-9A1E7A4F7556}") = "Networking Library", "NetworkingLibrary\Networking Library.csproj", "{641F1B43-36F3-492F-AA49-632326962C83}"
EndProject
Project("{2150E333-8FDC-42A3-9474-1A3956D46DE8}") = "Communication", "Communication", "{98E76C6A-CC91-4E18-A878-05294C80C923}"
EndProject
Project("{9A19103F-16F7-4668-BE54-9A1E7A4F7556}") = "Networking Library Test", "Networking Library Test\Networking Library Test.csproj", "{75C9F010-4D39-476E-8A0D-58248DDE191C}"
EndProject
Project("{9A19103F-16F7-4668-BE54-9A1E7A4F7556}") = "Server Library Test", "Server Library Test\Server Library Test.csproj", "{B13EDDC5-1029-4724-A1F7-839DDD6B919D}"
EndProject
Project("{FAE04EC0-301F-11D3-BF4B-00C04F79EFBC}") = "SendingClientTester", "SendingClientTester\SendingClientTester.csproj", "{DC192C8F-C323-47AF-BB68-9ABD918E8549}"
EndProject
Project("{FAE04EC0-301F-11D3-BF4B-00C04F79EFBC}") = "ReceivingClientTester", "ReceivingClientTester\ReceivingClientTester.csproj", "{ECBD0362-B3DE-43FF-8673-860BA0ED8F34}"
EndProject
Global
	GlobalSection(SolutionConfigurationPlatforms) = preSolution
		Debug|Any CPU = Debug|Any CPU
		Release|Any CPU = Release|Any CPU
	EndGlobalSection
	GlobalSection(ProjectConfigurationPlatforms) = postSolution
		{386B1C24-1B17-4C5C-B37F-EEF6C8FD755E}.Debug|Any CPU.ActiveCfg = Debug|Any CPU
		{386B1C24-1B17-4C5C-B37F-EEF6C8FD755E}.Debug|Any CPU.Build.0 = Debug|Any CPU
		{386B1C24-1B17-4C5C-B37F-EEF6C8FD755E}.Release|Any CPU.ActiveCfg = Release|Any CPU
		{386B1C24-1B17-4C5C-B37F-EEF6C8FD755E}.Release|Any CPU.Build.0 = Release|Any CPU
		{E118FEE5-7C35-4A47-B858-FFD0713D3D4C}.Debug|Any CPU.ActiveCfg = Debug|Any CPU
		{E118FEE5-7C35-4A47-B858-FFD0713D3D4C}.Debug|Any CPU.Build.0 = Debug|Any CPU
		{E118FEE5-7C35-4A47-B858-FFD0713D3D4C}.Release|Any CPU.ActiveCfg = Release|Any CPU
		{E118FEE5-7C35-4A47-B858-FFD0713D3D4C}.Release|Any CPU.Build.0 = Release|Any CPU
		{6582402B-2C91-4023-9B46-B0787CEF50BE}.Debug|Any CPU.ActiveCfg = Debug|Any CPU
		{6582402B-2C91-4023-9B46-B0787CEF50BE}.Debug|Any CPU.Build.0 = Debug|Any CPU
		{6582402B-2C91-4023-9B46-B0787CEF50BE}.Release|Any CPU.ActiveCfg = Release|Any CPU
		{6582402B-2C91-4023-9B46-B0787CEF50BE}.Release|Any CPU.Build.0 = Release|Any CPU
		{20F32C39-F14D-4998-BBB8-D97122633FD8}.Debug|Any CPU.ActiveCfg = Debug|Any CPU
		{20F32C39-F14D-4998-BBB8-D97122633FD8}.Debug|Any CPU.Build.0 = Debug|Any CPU
		{20F32C39-F14D-4998-BBB8-D97122633FD8}.Release|Any CPU.ActiveCfg = Release|Any CPU
		{20F32C39-F14D-4998-BBB8-D97122633FD8}.Release|Any CPU.Build.0 = Release|Any CPU
		{8CCF903D-77A2-4F79-B4A0-F3CCE7C97D85}.Debug|Any CPU.ActiveCfg = Debug|Any CPU
		{8CCF903D-77A2-4F79-B4A0-F3CCE7C97D85}.Debug|Any CPU.Build.0 = Debug|Any CPU
		{8CCF903D-77A2-4F79-B4A0-F3CCE7C97D85}.Release|Any CPU.ActiveCfg = Release|Any CPU
		{8CCF903D-77A2-4F79-B4A0-F3CCE7C97D85}.Release|Any CPU.Build.0 = Release|Any CPU
		{0CD29C24-96A9-49AC-B153-845152F41977}.Debug|Any CPU.ActiveCfg = Debug|Any CPU
		{0CD29C24-96A9-49AC-B153-845152F41977}.Debug|Any CPU.Build.0 = Debug|Any CPU
		{0CD29C24-96A9-49AC-B153-845152F41977}.Release|Any CPU.ActiveCfg = Release|Any CPU
		{0CD29C24-96A9-49AC-B153-845152F41977}.Release|Any CPU.Build.0 = Release|Any CPU
		{8D40DE70-DB5C-4BE6-92EC-F665CE8D64A7}.Debug|Any CPU.ActiveCfg = Debug|Any CPU
		{8D40DE70-DB5C-4BE6-92EC-F665CE8D64A7}.Debug|Any CPU.Build.0 = Debug|Any CPU
		{8D40DE70-DB5C-4BE6-92EC-F665CE8D64A7}.Release|Any CPU.ActiveCfg = Release|Any CPU
		{8D40DE70-DB5C-4BE6-92EC-F665CE8D64A7}.Release|Any CPU.Build.0 = Release|Any CPU
		{4B4FDBB1-B6D3-4BA7-A8CC-F4FEC22E5599}.Debug|Any CPU.ActiveCfg = Debug|Any CPU
		{4B4FDBB1-B6D3-4BA7-A8CC-F4FEC22E5599}.Debug|Any CPU.Build.0 = Debug|Any CPU
		{4B4FDBB1-B6D3-4BA7-A8CC-F4FEC22E5599}.Release|Any CPU.ActiveCfg = Release|Any CPU
		{4B4FDBB1-B6D3-4BA7-A8CC-F4FEC22E5599}.Release|Any CPU.Build.0 = Release|Any CPU
		{6DC84601-3842-42F0-8D18-95F45E66F5F8}.Debug|Any CPU.ActiveCfg = Debug|Any CPU
		{6DC84601-3842-42F0-8D18-95F45E66F5F8}.Debug|Any CPU.Build.0 = Debug|Any CPU
		{6DC84601-3842-42F0-8D18-95F45E66F5F8}.Release|Any CPU.ActiveCfg = Release|Any CPU
		{6DC84601-3842-42F0-8D18-95F45E66F5F8}.Release|Any CPU.Build.0 = Release|Any CPU
		{2EAF1702-3A41-4F56-91F7-3C9B9325A97F}.Debug|Any CPU.ActiveCfg = Debug|Any CPU
		{2EAF1702-3A41-4F56-91F7-3C9B9325A97F}.Debug|Any CPU.Build.0 = Debug|Any CPU
		{2EAF1702-3A41-4F56-91F7-3C9B9325A97F}.Release|Any CPU.ActiveCfg = Release|Any CPU
		{2EAF1702-3A41-4F56-91F7-3C9B9325A97F}.Release|Any CPU.Build.0 = Release|Any CPU
		{8C9CA637-2752-4F0C-B2BB-2DF101604355}.Debug|Any CPU.ActiveCfg = Debug|Any CPU
		{8C9CA637-2752-4F0C-B2BB-2DF101604355}.Debug|Any CPU.Build.0 = Debug|Any CPU
		{8C9CA637-2752-4F0C-B2BB-2DF101604355}.Release|Any CPU.ActiveCfg = Release|Any CPU
		{8C9CA637-2752-4F0C-B2BB-2DF101604355}.Release|Any CPU.Build.0 = Release|Any CPU
		{AC38C5A5-5D8A-4522-84B6-3917FD0AA737}.Debug|Any CPU.ActiveCfg = Debug|Any CPU
		{AC38C5A5-5D8A-4522-84B6-3917FD0AA737}.Debug|Any CPU.Build.0 = Debug|Any CPU
		{AC38C5A5-5D8A-4522-84B6-3917FD0AA737}.Release|Any CPU.ActiveCfg = Release|Any CPU
		{AC38C5A5-5D8A-4522-84B6-3917FD0AA737}.Release|Any CPU.Build.0 = Release|Any CPU
		{641F1B43-36F3-492F-AA49-632326962C83}.Debug|Any CPU.ActiveCfg = Debug|Any CPU
		{641F1B43-36F3-492F-AA49-632326962C83}.Debug|Any CPU.Build.0 = Debug|Any CPU
		{641F1B43-36F3-492F-AA49-632326962C83}.Release|Any CPU.ActiveCfg = Release|Any CPU
		{641F1B43-36F3-492F-AA49-632326962C83}.Release|Any CPU.Build.0 = Release|Any CPU
		{75C9F010-4D39-476E-8A0D-58248DDE191C}.Debug|Any CPU.ActiveCfg = Debug|Any CPU
		{75C9F010-4D39-476E-8A0D-58248DDE191C}.Debug|Any CPU.Build.0 = Debug|Any CPU
		{75C9F010-4D39-476E-8A0D-58248DDE191C}.Release|Any CPU.ActiveCfg = Release|Any CPU
		{75C9F010-4D39-476E-8A0D-58248DDE191C}.Release|Any CPU.Build.0 = Release|Any CPU
		{B13EDDC5-1029-4724-A1F7-839DDD6B919D}.Debug|Any CPU.ActiveCfg = Debug|Any CPU
		{B13EDDC5-1029-4724-A1F7-839DDD6B919D}.Debug|Any CPU.Build.0 = Debug|Any CPU
		{B13EDDC5-1029-4724-A1F7-839DDD6B919D}.Release|Any CPU.ActiveCfg = Release|Any CPU
		{B13EDDC5-1029-4724-A1F7-839DDD6B919D}.Release|Any CPU.Build.0 = Release|Any CPU
		{DC192C8F-C323-47AF-BB68-9ABD918E8549}.Debug|Any CPU.ActiveCfg = Debug|Any CPU
		{DC192C8F-C323-47AF-BB68-9ABD918E8549}.Debug|Any CPU.Build.0 = Debug|Any CPU
		{DC192C8F-C323-47AF-BB68-9ABD918E8549}.Release|Any CPU.ActiveCfg = Release|Any CPU
		{DC192C8F-C323-47AF-BB68-9ABD918E8549}.Release|Any CPU.Build.0 = Release|Any CPU
		{ECBD0362-B3DE-43FF-8673-860BA0ED8F34}.Debug|Any CPU.ActiveCfg = Debug|Any CPU
		{ECBD0362-B3DE-43FF-8673-860BA0ED8F34}.Debug|Any CPU.Build.0 = Debug|Any CPU
		{ECBD0362-B3DE-43FF-8673-860BA0ED8F34}.Release|Any CPU.ActiveCfg = Release|Any CPU
		{ECBD0362-B3DE-43FF-8673-860BA0ED8F34}.Release|Any CPU.Build.0 = Release|Any CPU
	EndGlobalSection
	GlobalSection(SolutionProperties) = preSolution
		HideSolutionNode = FALSE
	EndGlobalSection
	GlobalSection(NestedProjects) = preSolution
		{A78FBF01-73C4-46C1-BE7A-F28B22D1D853} = {0DE1D012-7438-4DF4-AFEA-ED1FA17DC151}
		{CC8B91C2-E266-4C7D-A146-AD4BD31196F9} = {0DE1D012-7438-4DF4-AFEA-ED1FA17DC151}
		{9F35FC14-4274-40A2-A21C-B8713A8018F6} = {0DE1D012-7438-4DF4-AFEA-ED1FA17DC151}
		{386B1C24-1B17-4C5C-B37F-EEF6C8FD755E} = {A78FBF01-73C4-46C1-BE7A-F28B22D1D853}
		{E118FEE5-7C35-4A47-B858-FFD0713D3D4C} = {A78FBF01-73C4-46C1-BE7A-F28B22D1D853}
		{6582402B-2C91-4023-9B46-B0787CEF50BE} = {A78FBF01-73C4-46C1-BE7A-F28B22D1D853}
		{20F32C39-F14D-4998-BBB8-D97122633FD8} = {9F35FC14-4274-40A2-A21C-B8713A8018F6}
		{8CCF903D-77A2-4F79-B4A0-F3CCE7C97D85} = {98E76C6A-CC91-4E18-A878-05294C80C923}
		{0CD29C24-96A9-49AC-B153-845152F41977} = {9F35FC14-4274-40A2-A21C-B8713A8018F6}
		{8D40DE70-DB5C-4BE6-92EC-F665CE8D64A7} = {CC8B91C2-E266-4C7D-A146-AD4BD31196F9}
		{4B4FDBB1-B6D3-4BA7-A8CC-F4FEC22E5599} = {58A2F44A-74A7-41DE-AE9D-8FECADF3E078}
		{6DC84601-3842-42F0-8D18-95F45E66F5F8} = {841729A9-2B6E-4706-B468-C57063EF411D}
		{2EAF1702-3A41-4F56-91F7-3C9B9325A97F} = {841729A9-2B6E-4706-B468-C57063EF411D}
		{8C9CA637-2752-4F0C-B2BB-2DF101604355} = {841729A9-2B6E-4706-B468-C57063EF411D}
		{AC38C5A5-5D8A-4522-84B6-3917FD0AA737} = {841729A9-2B6E-4706-B468-C57063EF411D}
		{641F1B43-36F3-492F-AA49-632326962C83} = {98E76C6A-CC91-4E18-A878-05294C80C923}
		{98E76C6A-CC91-4E18-A878-05294C80C923} = {9F35FC14-4274-40A2-A21C-B8713A8018F6}
		{75C9F010-4D39-476E-8A0D-58248DDE191C} = {58A2F44A-74A7-41DE-AE9D-8FECADF3E078}
		{B13EDDC5-1029-4724-A1F7-839DDD6B919D} = {58A2F44A-74A7-41DE-AE9D-8FECADF3E078}
		{DC192C8F-C323-47AF-BB68-9ABD918E8549} = {841729A9-2B6E-4706-B468-C57063EF411D}
		{ECBD0362-B3DE-43FF-8673-860BA0ED8F34} = {841729A9-2B6E-4706-B468-C57063EF411D}
	EndGlobalSection
	GlobalSection(ExtensibilityGlobals) = postSolution
		SolutionGuid = {60FC54DD-4F26-4A47-8B04-E09BEED72B78}
	EndGlobalSection
EndGlobal
